[dependencies]
  [dependencies.helper]
    name = "helper"
    full_name = "helper_0.0.1"
    version = "0.0.1"
    url = "https://github.com/skycluster-project/kcl-modules"
    commit = "7ab9fa5"
  [dependencies.k8s]
    name = "k8s"
    full_name = "k8s_1.32.4"
    version = "1.32.4"
    sum = "WrltC/mTXtdzmhBZxlvM71wJL5C/UZ/vW+bF3nFvNbM="
    reg = "ghcr.io"
    repo = "kcl-lang/k8s"
    oci_tag = "1.32.4"
  [dependencies.provider-aws]
    name = "provider-aws"
    full_name = "provider-aws_0.0.1"
    version = "0.0.1"
    url = "https://github.com/skycluster-project/kcl-modules"
    commit = "7ab9fa5"
